# THIS IS AN AUTOGENERATED FILE. DO NOT EDIT THIS FILE DIRECTLY.
# yarn lockfile v1


"@chakra-ui/icon@3.0.11":
  version "3.0.11"
  resolved "https://registry.yarnpkg.com/@chakra-ui/icon/-/icon-3.0.11.tgz#a51dda24bed2f2ed77b4136ada8f22d3249c9870"
  integrity sha512-RG4jf/XmBdaxOYI5J5QstEtTCPoVlmrQ/XiWhvN0LTgAnmZIqVwFl3Uw+satArdStHAs0GmJZg/E/soFTWuFmw==
  dependencies:
    "@chakra-ui/shared-utils" "2.0.2"

"@chakra-ui/icons@^2.0.11":
  version "2.0.11"
  resolved "https://registry.yarnpkg.com/@chakra-ui/icons/-/icons-2.0.11.tgz#3faf53c499c7c61c65b6e5ff4b0933f48b9ba416"
  integrity sha512-WjxrFMt9hHpuZlnBh4fhtGOkIVlwYwHNmwq4sJGxYWlg8UnEhVJMoOojheJDy/d3Gp9+ApetlK3vt8fV/rZamg==
  dependencies:
    "@chakra-ui/icon" "3.0.11"

"@chakra-ui/shared-utils@2.0.2":
  version "2.0.2"
  resolved "https://registry.yarnpkg.com/@chakra-ui/shared-utils/-/shared-utils-2.0.2.tgz#1df08133194c12ac4df9302604ec37784c2bb026"
  integrity sha512-wC58Fh6wCnFFQyiebVZ0NI7PFW9+Vch0QE6qN7iR+bLseOzQY9miYuzPJ1kMYiFd6QTOmPJkI39M3wHqrPYiOg==
