# This file is automatically @generated by Cargo.
# It is not intended for manual editing.
version = 3

[[package]]
name = "ethereum-bytecode-database"
version = "0.1.0"

[[package]]
name = "ethereum-bytecode-database-proto"
version = "0.1.0"

[[package]]
name = "ethereum-bytecode-database-server"
version = "0.1.0"
